
Microsoft Visual Studio Solution File, Format Version 12.00
# Visual Studio Version 17
VisualStudioVersion = 17.9.34622.214
MinimumVisualStudioVersion = 10.0.40219.1
Project("{FAE04EC0-301F-11D3-BF4B-00C04F79EFBC}") = "Recherche", "Recherche.csproj", "{E7BBE6B3-F6E7-443C-8E43-6F8B5A7F9C45}"
EndProject
Global
	GlobalSection(SolutionConfigurationPlatforms) = preSolution
		Debug|Any CPU = Debug|Any CPU
		Release|Any CPU = Release|Any CPU
	EndGlobalSection
	GlobalSection(ProjectConfigurationPlatforms) = postSolution
		{E7BBE6B3-F6E7-443C-8E43-6F8B5A7F9C45}.Debug|Any CPU.ActiveCfg = Debug|Any CPU
		{E7BBE6B3-F6E7-443C-8E43-6F8B5A7F9C45}.Debug|Any CPU.Build.0 = Debug|Any CPU
		{E7BBE6B3-F6E7-443C-8E43-6F8B5A7F9C45}.Release|Any CPU.ActiveCfg = Release|Any CPU
		{E7BBE6B3-F6E7-443C-8E43-6F8B5A7F9C45}.Release|Any CPU.Build.0 = Release|Any CPU
	EndGlobalSection
	GlobalSection(SolutionProperties) = preSolution
		HideSolutionNode = FALSE
	EndGlobalSection
	GlobalSection(ExtensibilityGlobals) = postSolution
		SolutionGuid = {5965C623-0876-4F27-A752-94D1B3B4BA00}
	EndGlobalSection
EndGlobal
