
Microsoft Visual Studio Solution File, Format Version 12.00
# Visual Studio Version 17
VisualStudioVersion = 17.9.34622.214
MinimumVisualStudioVersion = 10.0.40219.1
Project("{FAE04EC0-301F-11D3-BF4B-00C04F79EFBC}") = "RandoReduce", "RandoReduce.csproj", "{814FEDCE-5F00-453E-905C-D2BC73A33062}"
EndProject
Global
	GlobalSection(SolutionConfigurationPlatforms) = preSolution
		Debug|Any CPU = Debug|Any CPU
		Release|Any CPU = Release|Any CPU
	EndGlobalSection
	GlobalSection(ProjectConfigurationPlatforms) = postSolution
		{814FEDCE-5F00-453E-905C-D2BC73A33062}.Debug|Any CPU.ActiveCfg = Debug|Any CPU
		{814FEDCE-5F00-453E-905C-D2BC73A33062}.Debug|Any CPU.Build.0 = Debug|Any CPU
		{814FEDCE-5F00-453E-905C-D2BC73A33062}.Release|Any CPU.ActiveCfg = Release|Any CPU
		{814FEDCE-5F00-453E-905C-D2BC73A33062}.Release|Any CPU.Build.0 = Release|Any CPU
	EndGlobalSection
	GlobalSection(SolutionProperties) = preSolution
		HideSolutionNode = FALSE
	EndGlobalSection
	GlobalSection(ExtensibilityGlobals) = postSolution
		SolutionGuid = {5CF50290-0881-4666-A5D3-38693A13FD4E}
	EndGlobalSection
EndGlobal
